
Microsoft Visual Studio Solution File, Format Version 12.00
# Visual Studio Version 16
VisualStudioVersion = 16.0.29123.88
MinimumVisualStudioVersion = 10.0.40219.1
Project("{FAE04EC0-301F-11D3-BF4B-00C04F79EFBC}") = "QBRssEditor", "QBRssEditor\QBRssEditor.csproj", "{BAE85269-7449-417E-82BB-D1512991ADE0}"
EndProject
Global
	GlobalSection(SolutionConfigurationPlatforms) = preSolution
		Debug|Any CPU = Debug|Any CPU
		Release|Any CPU = Release|Any CPU
	EndGlobalSection
	GlobalSection(ProjectConfigurationPlatforms) = postSolution
		{BAE85269-7449-417E-82BB-D1512991ADE0}.Debug|Any CPU.ActiveCfg = Debug|Any CPU
		{BAE85269-7449-417E-82BB-D1512991ADE0}.Debug|Any CPU.Build.0 = Debug|Any CPU
		{BAE85269-7449-417E-82BB-D1512991ADE0}.Release|Any CPU.ActiveCfg = Release|Any CPU
		{BAE85269-7449-417E-82BB-D1512991ADE0}.Release|Any CPU.Build.0 = Release|Any CPU
	EndGlobalSection
	GlobalSection(SolutionProperties) = preSolution
		HideSolutionNode = FALSE
	EndGlobalSection
	GlobalSection(ExtensibilityGlobals) = postSolution
		SolutionGuid = {850F8EB0-BBCE-49DE-90D9-B24A584094BE}
	EndGlobalSection
EndGlobal
